
Microsoft Visual Studio Solution File, Format Version 12.00
# Visual Studio Version 17
VisualStudioVersion = 17.10.35004.147
MinimumVisualStudioVersion = 10.0.40219.1
Project("{9A19103F-16F7-4668-BE54-9A1E7A4F7556}") = "Embalsoft.API", "Embalsoft.API\Embalsoft.API.csproj", "{071837F9-BC5A-4312-8CC8-4393B29388D9}"
EndProject
Project("{9A19103F-16F7-4668-BE54-9A1E7A4F7556}") = "Embalsoft.Data", "Embalsoft.Data\Embalsoft.Data.csproj", "{F6FCB7E6-FB3D-4577-81AD-CD116125C577}"
EndProject
Project("{9A19103F-16F7-4668-BE54-9A1E7A4F7556}") = "Embalsoft.Domain", "Embalsoft.Domain\Embalsoft.Domain.csproj", "{BA226ED4-8AFE-4BAE-B888-AEC34CE886FD}"
EndProject
Project("{9A19103F-16F7-4668-BE54-9A1E7A4F7556}") = "Embalsoft.CrossCutting", "Embalsoft.CrossCutting\Embalsoft.CrossCutting.csproj", "{6EAD70C0-1F36-456B-AF5A-B0CB84203B34}"
EndProject
Project("{9A19103F-16F7-4668-BE54-9A1E7A4F7556}") = "Embalsoft.Services", "Embalsoft.Services\Embalsoft.Services.csproj", "{B4BD3F23-0119-47CD-83F8-3C3AAE13AD23}"
EndProject
Project("{E24C65DC-7377-472B-9ABA-BC803B73C61A}") = "Embalsoft.FrontApp", "Embalsoft.FrontApp\", "{582C5EB4-1BAC-44B8-9C08-1FE886EC535A}"
	ProjectSection(WebsiteProperties) = preProject
		TargetFrameworkMoniker = ".NETFramework,Version%3Dv4.8"
		Debug.AspNetCompiler.VirtualPath = "/localhost_53215"
		Debug.AspNetCompiler.PhysicalPath = "Embalsoft.FrontApp\"
		Debug.AspNetCompiler.TargetPath = "PrecompiledWeb\localhost_53215\"
		Debug.AspNetCompiler.Updateable = "true"
		Debug.AspNetCompiler.ForceOverwrite = "true"
		Debug.AspNetCompiler.FixedNames = "false"
		Debug.AspNetCompiler.Debug = "True"
		Release.AspNetCompiler.VirtualPath = "/localhost_53215"
		Release.AspNetCompiler.PhysicalPath = "Embalsoft.FrontApp\"
		Release.AspNetCompiler.TargetPath = "PrecompiledWeb\localhost_53215\"
		Release.AspNetCompiler.Updateable = "true"
		Release.AspNetCompiler.ForceOverwrite = "true"
		Release.AspNetCompiler.FixedNames = "false"
		Release.AspNetCompiler.Debug = "False"
		VWDPort = "53215"
	EndProjectSection
EndProject
Global
	GlobalSection(SolutionConfigurationPlatforms) = preSolution
		Debug|Any CPU = Debug|Any CPU
		Release|Any CPU = Release|Any CPU
	EndGlobalSection
	GlobalSection(ProjectConfigurationPlatforms) = postSolution
		{071837F9-BC5A-4312-8CC8-4393B29388D9}.Debug|Any CPU.ActiveCfg = Debug|Any CPU
		{071837F9-BC5A-4312-8CC8-4393B29388D9}.Debug|Any CPU.Build.0 = Debug|Any CPU
		{071837F9-BC5A-4312-8CC8-4393B29388D9}.Release|Any CPU.ActiveCfg = Release|Any CPU
		{071837F9-BC5A-4312-8CC8-4393B29388D9}.Release|Any CPU.Build.0 = Release|Any CPU
		{F6FCB7E6-FB3D-4577-81AD-CD116125C577}.Debug|Any CPU.ActiveCfg = Debug|Any CPU
		{F6FCB7E6-FB3D-4577-81AD-CD116125C577}.Debug|Any CPU.Build.0 = Debug|Any CPU
		{F6FCB7E6-FB3D-4577-81AD-CD116125C577}.Release|Any CPU.ActiveCfg = Release|Any CPU
		{F6FCB7E6-FB3D-4577-81AD-CD116125C577}.Release|Any CPU.Build.0 = Release|Any CPU
		{BA226ED4-8AFE-4BAE-B888-AEC34CE886FD}.Debug|Any CPU.ActiveCfg = Debug|Any CPU
		{BA226ED4-8AFE-4BAE-B888-AEC34CE886FD}.Debug|Any CPU.Build.0 = Debug|Any CPU
		{BA226ED4-8AFE-4BAE-B888-AEC34CE886FD}.Release|Any CPU.ActiveCfg = Release|Any CPU
		{BA226ED4-8AFE-4BAE-B888-AEC34CE886FD}.Release|Any CPU.Build.0 = Release|Any CPU
		{6EAD70C0-1F36-456B-AF5A-B0CB84203B34}.Debug|Any CPU.ActiveCfg = Debug|Any CPU
		{6EAD70C0-1F36-456B-AF5A-B0CB84203B34}.Debug|Any CPU.Build.0 = Debug|Any CPU
		{6EAD70C0-1F36-456B-AF5A-B0CB84203B34}.Release|Any CPU.ActiveCfg = Release|Any CPU
		{6EAD70C0-1F36-456B-AF5A-B0CB84203B34}.Release|Any CPU.Build.0 = Release|Any CPU
		{B4BD3F23-0119-47CD-83F8-3C3AAE13AD23}.Debug|Any CPU.ActiveCfg = Debug|Any CPU
		{B4BD3F23-0119-47CD-83F8-3C3AAE13AD23}.Debug|Any CPU.Build.0 = Debug|Any CPU
		{B4BD3F23-0119-47CD-83F8-3C3AAE13AD23}.Release|Any CPU.ActiveCfg = Release|Any CPU
		{B4BD3F23-0119-47CD-83F8-3C3AAE13AD23}.Release|Any CPU.Build.0 = Release|Any CPU
		{582C5EB4-1BAC-44B8-9C08-1FE886EC535A}.Debug|Any CPU.ActiveCfg = Debug|Any CPU
		{582C5EB4-1BAC-44B8-9C08-1FE886EC535A}.Debug|Any CPU.Build.0 = Debug|Any CPU
		{582C5EB4-1BAC-44B8-9C08-1FE886EC535A}.Release|Any CPU.ActiveCfg = Debug|Any CPU
		{582C5EB4-1BAC-44B8-9C08-1FE886EC535A}.Release|Any CPU.Build.0 = Debug|Any CPU
	EndGlobalSection
	GlobalSection(SolutionProperties) = preSolution
		HideSolutionNode = FALSE
	EndGlobalSection
	GlobalSection(ExtensibilityGlobals) = postSolution
		SolutionGuid = {3BD20AB8-D937-444F-963B-27D7BCA8A5FE}
	EndGlobalSection
EndGlobal
